{
    "requires": true,
    "lockfileVersion": 1,
    "dependencies": {
        "jquery-appear-original": {
            "version": "0.6.2",
            "resolved": "https://registry.npmjs.org/jquery-appear-original/-/jquery-appear-original-0.6.2.tgz",
            "integrity": "sha512-PxvsyDld5SthfNwL19vh4aga/2hYCK/zH90l1/aYxFAD6IyG53Y1kHt5hjaT1Ch3u6ztdHWx93olsjNXSN0gEw=="
        }
    }
}
